<?xml version="1.0" encoding="utf-8"?>
<Project ToolsVersion="4.0" xmlns="http://schemas.microsoft.com/developer/msbuild/2003">
  <ItemGroup>
    <Filter Include="Service">
      <UniqueIdentifier>{93995380-89BD-4b04-88EB-625FBE52EBFB}</UniqueIdentifier>
      <Extensions>h;hh;hpp;hxx;h++;hm;inl;inc;ipp;xsd</Extensions>
    </Filter>
    <Filter Include="Model">
      <UniqueIdentifier>{4FC737F1-C7A5-4376-A066-2A32D752A2FF}</UniqueIdentifier>
      <Extensions>cpp;c;cc;cxx;c++;cppm;ixx;def;odl;idl;hpj;bat;asm;asmx</Extensions>
    </Filter>
    <Filter Include="UI">
      <UniqueIdentifier>{67DA6AB6-F800-4c08-8B7A-83BB121AAD01}</UniqueIdentifier>
      <Extensions>rc;ico;cur;bmp;dlg;rc2;rct;bin;rgs;gif;jpg;jpeg;jpe;resx;tiff;tif;png;wav;mfcribbon-ms</Extensions>
    </Filter>
    <Filter Include="Resource">
      <UniqueIdentifier>{e5cd1672-241b-475d-80e3-2d0842378308}</UniqueIdentifier>
    </Filter>
    <Filter Include="Archivo">
      <UniqueIdentifier>{9e432737-e63d-454a-8090-868319df3a39}</UniqueIdentifier>
    </Filter>
  </ItemGroup>
  <ItemGroup>
    <ClCompile Include="Principal.cpp" />
    <ClCompile Include="FrmMenu.cpp">
      <Filter>UI</Filter>
    </ClCompile>
    <ClCompile Include="FrmIntrucciones.cpp">
      <Filter>UI</Filter>
    </ClCompile>
    <ClCompile Include="FrmCreditos.cpp">
      <Filter>UI</Filter>
    </ClCompile>
    <ClCompile Include="Sprite.cpp">
      <Filter>Model</Filter>
    </ClCompile>
    <ClCompile Include="Protagonista.cpp">
      <Filter>Model</Filter>
    </ClCompile>
    <ClCompile Include="Dialogo.cpp">
      <Filter>Model</Filter>
    </ClCompile>
    <ClCompile Include="Aliado.cpp">
      <Filter>Model</Filter>
    </ClCompile>
    <ClCompile Include="Recurso.cpp">
      <Filter>Model</Filter>
    </ClCompile>
    <ClCompile Include="Obstaculo.cpp">
      <Filter>Model</Filter>
    </ClCompile>
    <ClCompile Include="Madre.cpp">
      <Filter>Model</Filter>
    </ClCompile>
    <ClCompile Include="IaRecurso.cpp">
      <Filter>Model</Filter>
    </ClCompile>
    <ClCompile Include="Mando.cpp">
      <Filter>Model</Filter>
    </ClCompile>
    <ClCompile Include="Pregunta.cpp">
      <Filter>Model</Filter>
    </ClCompile>
    <ClCompile Include="DialogoService.cpp">
      <Filter>Service</Filter>
    </ClCompile>
    <ClCompile Include="Fondo.cpp">
      <Filter>Model</Filter>
    </ClCompile>
    <ClCompile Include="GestorArchivoService.cpp">
      <Filter>Service</Filter>
    </ClCompile>
    <ClCompile Include="Progreso.cpp">
      <Filter>Model</Filter>
    </ClCompile>
    <ClCompile Include="Mundo.cpp">
      <Filter>Model</Filter>
    </ClCompile>
    <ClCompile Include="PreguntaService.cpp">
      <Filter>Service</Filter>
    </ClCompile>
    <ClCompile Include="MundoIaService.cpp">
      <Filter>Service</Filter>
    </ClCompile>
    <ClCompile Include="FrmMundoIA.cpp">
      <Filter>UI</Filter>
    </ClCompile>
  </ItemGroup>
  <ItemGroup>
    <ClInclude Include="FrmMenu.h">
      <Filter>UI</Filter>
    </ClInclude>
    <ClInclude Include="FrmIntrucciones.h">
      <Filter>UI</Filter>
    </ClInclude>
    <ClInclude Include="FrmCreditos.h">
      <Filter>UI</Filter>
    </ClInclude>
    <ClInclude Include="Sprite.h">
      <Filter>Model</Filter>
    </ClInclude>
    <ClInclude Include="Protagonista.h">
      <Filter>Model</Filter>
    </ClInclude>
    <ClInclude Include="Dialogo.h">
      <Filter>Model</Filter>
    </ClInclude>
    <ClInclude Include="Aliado.h">
      <Filter>Model</Filter>
    </ClInclude>
    <ClInclude Include="Recurso.h">
      <Filter>Model</Filter>
    </ClInclude>
    <ClInclude Include="Obstaculo.h">
      <Filter>Model</Filter>
    </ClInclude>
    <ClInclude Include="Madre.h">
      <Filter>Model</Filter>
    </ClInclude>
    <ClInclude Include="IaRecurso.h">
      <Filter>Model</Filter>
    </ClInclude>
    <ClInclude Include="Mando.h">
      <Filter>Model</Filter>
    </ClInclude>
    <ClInclude Include="Pregunta.h">
      <Filter>Model</Filter>
    </ClInclude>
    <ClInclude Include="DialogoService.h">
      <Filter>Service</Filter>
    </ClInclude>
    <ClInclude Include="MundoIaService.h">
      <Filter>Service</Filter>
    </ClInclude>
    <ClInclude Include="Fondo.h">
      <Filter>Model</Filter>
    </ClInclude>
    <ClInclude Include="GestorArchivoService.h">
      <Filter>Service</Filter>
    </ClInclude>
    <ClInclude Include="Progreso.h">
      <Filter>Model</Filter>
    </ClInclude>
    <ClInclude Include="Mundo.h">
      <Filter>Model</Filter>
    </ClInclude>
    <ClInclude Include="PreguntaService.h">
      <Filter>Service</Filter>
    </ClInclude>
    <ClInclude Include="FrmMundoIA.h">
      <Filter>UI</Filter>
    </ClInclude>
  </ItemGroup>
  <ItemGroup>
    <Media Include="D:\CICLO2\ALGORITMOS\ENTREGAS HITOS VERSION 2\hito2\HITO2_JUEGO\FondoMenu.mp4">
      <Filter>Resource</Filter>
    </Media>
  </ItemGroup>
</Project>